{
  "name": "svada-cli",
  "version": "1.0.0",
  "lockfileVersion": 1,
  "requires": true,
  "dependencies": {
    "csv-parse": {
      "version": "4.12.0",
      "resolved": "https://registry.npmjs.org/csv-parse/-/csv-parse-4.12.0.tgz",
      "integrity": "sha512-wPQl3H79vWLPI8cgKFcQXl0NBgYYEqVnT1i6/So7OjMpsI540oD7p93r3w6fDSyPvwkTepG05F69/7AViX2lXg=="
    },
    "sentence-engine": {
      "version": "0.6.1",
      "resolved": "https://registry.npmjs.org/sentence-engine/-/sentence-engine-0.6.1.tgz",
      "integrity": "sha512-J1YHwgjP6M54HaCBNyat2zqWiZjp3J6lIb1HOdQeaowS4Gd+Q5k1ohtNc7LcTAbtnPm1/eOIb2cgmbU3dFHi6g=="
    },
    "svada": {
      "version": "1.0.3",
      "resolved": "https://registry.npmjs.org/svada/-/svada-1.0.3.tgz",
      "integrity": "sha512-ob9PLl2XcYyUrXVkM8dC7vkFHLYkE4hTco16VuH+mhU/977d7qiTzex0ZcwHrDh3Cp/SfDpvfI8OMzXGJW1HaQ==",
      "requires": {
        "csv-parse": "^4.12.0",
        "sentence-engine": "^0.6.1"
      }
    }
  }
}
